
Microsoft Visual Studio Solution File, Format Version 12.00
# Visual Studio Version 17
VisualStudioVersion = 17.3.32804.467
MinimumVisualStudioVersion = 10.0.40219.1
Project("{FAE04EC0-301F-11D3-BF4B-00C04F79EFBC}") = "Laricão", "Laricão\Laricão.csproj", "{B0831819-A145-414C-8410-54CEFFD440B1}"
EndProject
Project("{FAE04EC0-301F-11D3-BF4B-00C04F79EFBC}") = "Controle", "Controle\Controle.csproj", "{342DB222-FDE0-40E0-A992-528E40A75B8C}"
EndProject
Project("{FAE04EC0-301F-11D3-BF4B-00C04F79EFBC}") = "Modelo", "Modelo\Modelo.csproj", "{496C8965-A3E3-4057-964F-B6DED90D4445}"
EndProject
Global
	GlobalSection(SolutionConfigurationPlatforms) = preSolution
		Debug|Any CPU = Debug|Any CPU
		Release|Any CPU = Release|Any CPU
	EndGlobalSection
	GlobalSection(ProjectConfigurationPlatforms) = postSolution
		{B0831819-A145-414C-8410-54CEFFD440B1}.Debug|Any CPU.ActiveCfg = Debug|Any CPU
		{B0831819-A145-414C-8410-54CEFFD440B1}.Debug|Any CPU.Build.0 = Debug|Any CPU
		{B0831819-A145-414C-8410-54CEFFD440B1}.Release|Any CPU.ActiveCfg = Release|Any CPU
		{B0831819-A145-414C-8410-54CEFFD440B1}.Release|Any CPU.Build.0 = Release|Any CPU
		{342DB222-FDE0-40E0-A992-528E40A75B8C}.Debug|Any CPU.ActiveCfg = Debug|Any CPU
		{342DB222-FDE0-40E0-A992-528E40A75B8C}.Debug|Any CPU.Build.0 = Debug|Any CPU
		{342DB222-FDE0-40E0-A992-528E40A75B8C}.Release|Any CPU.ActiveCfg = Release|Any CPU
		{342DB222-FDE0-40E0-A992-528E40A75B8C}.Release|Any CPU.Build.0 = Release|Any CPU
		{496C8965-A3E3-4057-964F-B6DED90D4445}.Debug|Any CPU.ActiveCfg = Debug|Any CPU
		{496C8965-A3E3-4057-964F-B6DED90D4445}.Debug|Any CPU.Build.0 = Debug|Any CPU
		{496C8965-A3E3-4057-964F-B6DED90D4445}.Release|Any CPU.ActiveCfg = Release|Any CPU
		{496C8965-A3E3-4057-964F-B6DED90D4445}.Release|Any CPU.Build.0 = Release|Any CPU
	EndGlobalSection
	GlobalSection(SolutionProperties) = preSolution
		HideSolutionNode = FALSE
	EndGlobalSection
	GlobalSection(ExtensibilityGlobals) = postSolution
		SolutionGuid = {3BA8B904-EA76-490E-BDA1-B4305631D267}
	EndGlobalSection
EndGlobal
